// !$*UTF8*$!
{
	archiveVersion = 1;
	classes = {
	};
	objectVersion = 46;
	objects = {

/* Begin PBXBuildFile section */
		3EF5FD471F72BFA400C890F8 /* AppDelegate.swift in Sources */ = {isa = PBXBuildFile; fileRef = 3EF5FD461F72BFA400C890F8 /* AppDelegate.swift */; };
		3EF5FD491F72BFA400C890F8 /* ViewController.swift in Sources */ = {isa = PBXBuildFile; fileRef = 3EF5FD481F72BFA400C890F8 /* ViewController.swift */; };
		3EF5FD4C1F72BFA400C890F8 /* Main.storyboard in Resources */ = {isa = PBXBuildFile; fileRef = 3EF5FD4A1F72BFA400C890F8 /* Main.storyboard */; };
		3EF5FD4F1F72BFA400C890F8 /* LocationTest_BG.xcdatamodeld in Sources */ = {isa = PBXBuildFile; fileRef = 3EF5FD4D1F72BFA400C890F8 /* LocationTest_BG.xcdatamodeld */; };
		3EF5FD511F72BFA400C890F8 /* Assets.xcassets in Resources */ = {isa = PBXBuildFile; fileRef = 3EF5FD501F72BFA400C890F8 /* Assets.xcassets */; };
		3EF5FD541F72BFA400C890F8 /* LaunchScreen.storyboard in Resources */ = {isa = PBXBuildFile; fileRef = 3EF5FD521F72BFA400C890F8 /* LaunchScreen.storyboard */; };
		3EF5FD5C1F72C03700C890F8 /* ScheduleManager.swift in Sources */ = {isa = PBXBuildFile; fileRef = 3EF5FD5B1F72C03700C890F8 /* ScheduleManager.swift */; };
/* End PBXBuildFile section */

/* Begin PBXFileReference section */
		3EF5FD431F72BFA400C890F8 /* LocationTest_BG.app */ = {isa = PBXFileReference; explicitFileType = wrapper.application; includeInIndex = 0; path = LocationTest_BG.app; sourceTree = BUILT_PRODUCTS_DIR; };
		3EF5FD461F72BFA400C890F8 /* AppDelegate.swift */ = {isa = PBXFileReference; lastKnownFileType = sourcecode.swift; path = AppDelegate.swift; sourceTree = "<group>"; };
		3EF5FD481F72BFA400C890F8 /* ViewController.swift */ = {isa = PBXFileReference; lastKnownFileType = sourcecode.swift; path = ViewController.swift; sourceTree = "<group>"; };
		3EF5FD4B1F72BFA400C890F8 /* Base */ = {isa = PBXFileReference; lastKnownFileType = file.storyboard; name = Base; path = Base.lproj/Main.storyboard; sourceTree = "<group>"; };
		3EF5FD4E1F72BFA400C890F8 /* LocationTest_BG.xcdatamodel */ = {isa = PBXFileReference; lastKnownFileType = wrapper.xcdatamodel; path = LocationTest_BG.xcdatamodel; sourceTree = "<group>"; };
		3EF5FD501F72BFA400C890F8 /* Assets.xcassets */ = {isa = PBXFileReference; lastKnownFileType = folder.assetcatalog; path = Assets.xcassets; sourceTree = "<group>"; };
		3EF5FD531F72BFA400C890F8 /* Base */ = {isa = PBXFileReference; lastKnownFileType = file.storyboard; name = Base; path = Base.lproj/LaunchScreen.storyboard; sourceTree = "<group>"; };
		3EF5FD551F72BFA400C890F8 /* Info.plist */ = {isa = PBXFileReference; lastKnownFileType = text.plist.xml; path = Info.plist; sourceTree = "<group>"; };
		3EF5FD5B1F72C03700C890F8 /* ScheduleManager.swift */ = {isa = PBXFileReference; fileEncoding = 4; lastKnownFileType = sourcecode.swift; path = ScheduleManager.swift; sourceTree = "<group>"; };
		3EF5FD5D1F72C07F00C890F8 /* ScheduleManager.h */ = {isa = PBXFileReference; lastKnownFileType = sourcecode.c.h; path = ScheduleManager.h; sourceTree = "<group>"; };
/* End PBXFileReference section */

/* Begin PBXFrameworksBuildPhase section */
		3EF5FD401F72BFA400C890F8 /* Frameworks */ = {
			isa = PBXFrameworksBuildPhase;
			buildActionMask = 2147483647;
			files = (
			);
			runOnlyForDeploymentPostprocessing = 0;
		};
/* End PBXFrameworksBuildPhase section */

/* Begin PBXGroup section */
		3EF5FD3A1F72BFA400C890F8 = {
			isa = PBXGroup;
			children = (
				3EF5FD451F72BFA400C890F8 /* LocationTest_BG */,
				3EF5FD441F72BFA400C890F8 /* Products */,
			);
			sourceTree = "<group>";
		};
		3EF5FD441F72BFA400C890F8 /* Products */ = {
			isa = PBXGroup;
			children = (
				3EF5FD431F72BFA400C890F8 /* LocationTest_BG.app */,
			);
			name = Products;
			sourceTree = "<group>";
		};
		3EF5FD451F72BFA400C890F8 /* LocationTest_BG */ = {
			isa = PBXGroup;
			children = (
				3EF5FD461F72BFA400C890F8 /* AppDelegate.swift */,
				3EF5FD481F72BFA400C890F8 /* ViewController.swift */,
				3EF5FD5B1F72C03700C890F8 /* ScheduleManager.swift */,
				3EF5FD5D1F72C07F00C890F8 /* ScheduleManager.h */,
				3EF5FD4A1F72BFA400C890F8 /* Main.storyboard */,
				3EF5FD501F72BFA400C890F8 /* Assets.xcassets */,
				3EF5FD521F72BFA400C890F8 /* LaunchScreen.storyboard */,
				3EF5FD551F72BFA400C890F8 /* Info.plist */,
				3EF5FD4D1F72BFA400C890F8 /* LocationTest_BG.xcdatamodeld */,
			);
			path = LocationTest_BG;
			sourceTree = "<group>";
		};
/* End PBXGroup section */

/* Begin PBXNativeTarget section */
		3EF5FD421F72BFA400C890F8 /* LocationTest_BG */ = {
			isa = PBXNativeTarget;
			buildConfigurationList = 3EF5FD581F72BFA400C890F8 /* Build configuration list for PBXNativeTarget "LocationTest_BG" */;
			buildPhases = (
				3EF5FD3F1F72BFA400C890F8 /* Sources */,
				3EF5FD401F72BFA400C890F8 /* Frameworks */,
				3EF5FD411F72BFA400C890F8 /* Resources */,
			);
			buildRules = (
			);
			dependencies = (
			);
			name = LocationTest_BG;
			productName = LocationTest_BG;
			productReference = 3EF5FD431F72BFA400C890F8 /* LocationTest_BG.app */;
			productType = "com.apple.product-type.application";
		};
/* End PBXNativeTarget section */

/* Begin PBXProject section */
		3EF5FD3B1F72BFA400C890F8 /* Project object */ = {
			isa = PBXProject;
			attributes = {
				LastSwiftUpdateCheck = 0830;
				LastUpgradeCheck = 0830;
				ORGANIZATIONNAME = "Vasudevan Seshadri";
				TargetAttributes = {
					3EF5FD421F72BFA400C890F8 = {
						CreatedOnToolsVersion = 8.3.3;
						DevelopmentTeam = 7ER6D25VEL;
						ProvisioningStyle = Automatic;
						SystemCapabilities = {
							com.apple.BackgroundModes = {
								enabled = 1;
							};
						};
					};
				};
			};
			buildConfigurationList = 3EF5FD3E1F72BFA400C890F8 /* Build configuration list for PBXProject "LocationTest_BG" */;
			compatibilityVersion = "Xcode 3.2";
			developmentRegion = English;
			hasScannedForEncodings = 0;
			knownRegions = (
				en,
				Base,
			);
			mainGroup = 3EF5FD3A1F72BFA400C890F8;
			productRefGroup = 3EF5FD441F72BFA400C890F8 /* Products */;
			projectDirPath = "";
			projectRoot = "";
			targets = (
				3EF5FD421F72BFA400C890F8 /* LocationTest_BG */,
			);
		};
/* End PBXProject section */

/* Begin PBXResourcesBuildPhase section */
		3EF5FD411F72BFA400C890F8 /* Resources */ = {
			isa = PBXResourcesBuildPhase;
			buildActionMask = 2147483647;
			files = (
				3EF5FD541F72BFA400C890F8 /* LaunchScreen.storyboard in Resources */,
				3EF5FD511F72BFA400C890F8 /* Assets.xcassets in Resources */,
				3EF5FD4C1F72BFA400C890F8 /* Main.storyboard in Resources */,
			);
			runOnlyForDeploymentPostprocessing = 0;
		};
/* End PBXResourcesBuildPhase section */

/* Begin PBXSourcesBuildPhase section */
		3EF5FD3F1F72BFA400C890F8 /* Sources */ = {
			isa = PBXSourcesBuildPhase;
			buildActionMask = 2147483647;
			files = (
				3EF5FD5C1F72C03700C890F8 /* ScheduleManager.swift in Sources */,
				3EF5FD491F72BFA400C890F8 /* ViewController.swift in Sources */,
				3EF5FD471F72BFA400C890F8 /* AppDelegate.swift in Sources */,
				3EF5FD4F1F72BFA400C890F8 /* LocationTest_BG.xcdatamodeld in Sources */,
			);
			runOnlyForDeploymentPostprocessing = 0;
		};
/* End PBXSourcesBuildPhase section */

/* Begin PBXVariantGroup section */
		3EF5FD4A1F72BFA400C890F8 /* Main.storyboard */ = {
			isa = PBXVariantGroup;
			children = (
				3EF5FD4B1F72BFA400C890F8 /* Base */,
			);
			name = Main.storyboard;
			sourceTree = "<group>";
		};
		3EF5FD521F72BFA400C890F8 /* LaunchScreen.storyboard */ = {
			isa = PBXVariantGroup;
			children = (
				3EF5FD531F72BFA400C890F8 /* Base */,
			);
			name = LaunchScreen.storyboard;
			sourceTree = "<group>";
		};
/* End PBXVariantGroup section */

/* Begin XCBuildConfiguration section */
		3EF5FD561F72BFA400C890F8 /* Debug */ = {
			isa = XCBuildConfiguration;
			buildSettings = {
				ALWAYS_SEARCH_USER_PATHS = NO;
				CLANG_ANALYZER_NONNULL = YES;
				CLANG_ANALYZER_NUMBER_OBJECT_CONVERSION = YES_AGGRESSIVE;
				CLANG_CXX_LANGUAGE_STANDARD = "gnu++0x";
				CLANG_CXX_LIBRARY = "libc++";
				CLANG_ENABLE_MODULES = YES;
				CLANG_ENABLE_OBJC_ARC = YES;
				CLANG_WARN_BOOL_CONVERSION = YES;
				CLANG_WARN_CONSTANT_CONVERSION = YES;
				CLANG_WARN_DIRECT_OBJC_ISA_USAGE = YES_ERROR;
				CLANG_WARN_DOCUMENTATION_COMMENTS = YES;
				CLANG_WARN_EMPTY_BODY = YES;
				CLANG_WARN_ENUM_CONVERSION = YES;
				CLANG_WARN_INFINITE_RECURSION = YES;
				CLANG_WARN_INT_CONVERSION = YES;
				CLANG_WARN_OBJC_ROOT_CLASS = YES_ERROR;
				CLANG_WARN_SUSPICIOUS_MOVE = YES;
				CLANG_WARN_UNREACHABLE_CODE = YES;
				CLANG_WARN__DUPLICATE_METHOD_MATCH = YES;
				"CODE_SIGN_IDENTITY[sdk=iphoneos*]" = "iPhone Developer";
				COPY_PHASE_STRIP = NO;
				DEBUG_INFORMATION_FORMAT = dwarf;
				ENABLE_STRICT_OBJC_MSGSEND = YES;
				ENABLE_TESTABILITY = YES;
				GCC_C_LANGUAGE_STANDARD = gnu99;
				GCC_DYNAMIC_NO_PIC = NO;
				GCC_NO_COMMON_BLOCKS = YES;
				GCC_OPTIMIZATION_LEVEL = 0;
				GCC_PREPROCESSOR_DEFINITIONS = (
					"DEBUG=1",
					"$(inherited)",
				);
				GCC_WARN_64_TO_32_BIT_CONVERSION = YES;
				GCC_WARN_ABOUT_RETURN_TYPE = YES_ERROR;
				GCC_WARN_UNDECLARED_SELECTOR = YES;
				GCC_WARN_UNINITIALIZED_AUTOS = YES_AGGRESSIVE;
				GCC_WARN_UNUSED_FUNCTION = YES;
				GCC_WARN_UNUSED_VARIABLE = YES;
				IPHONEOS_DEPLOYMENT_TARGET = 10.3;
				MTL_ENABLE_DEBUG_INFO = YES;
				ONLY_ACTIVE_ARCH = YES;
				SDKROOT = iphoneos;
				SWIFT_ACTIVE_COMPILATION_CONDITIONS = DEBUG;
				SWIFT_OPTIMIZATION_LEVEL = "-Onone";
				TARGETED_DEVICE_FAMILY = "1,2";
			};
			name = Debug;
		};
		3EF5FD571F72BFA400C890F8 /* Release */ = {
			isa = XCBuildConfiguration;
			buildSettings = {
				ALWAYS_SEARCH_USER_PATHS = NO;
				CLANG_ANALYZER_NONNULL = YES;
				CLANG_ANALYZER_NUMBER_OBJECT_CONVERSION = YES_AGGRESSIVE;
				CLANG_CXX_LANGUAGE_STANDARD = "gnu++0x";
				CLANG_CXX_LIBRARY = "libc++";
				CLANG_ENABLE_MODULES = YES;
				CLANG_ENABLE_OBJC_ARC = YES;
				CLANG_WARN_BOOL_CONVERSION = YES;
				CLANG_WARN_CONSTANT_CONVERSION = YES;
				CLANG_WARN_DIRECT_OBJC_ISA_USAGE = YES_ERROR;
				CLANG_WARN_DOCUMENTATION_COMMENTS = YES;
				CLANG_WARN_EMPTY_BODY = YES;
				CLANG_WARN_ENUM_CONVERSION = YES;
				CLANG_WARN_INFINITE_RECURSION = YES;
				CLANG_WARN_INT_CONVERSION = YES;
				CLANG_WARN_OBJC_ROOT_CLASS = YES_ERROR;
				CLANG_WARN_SUSPICIOUS_MOVE = YES;
				CLANG_WARN_UNREACHABLE_CODE = YES;
				CLANG_WARN__DUPLICATE_METHOD_MATCH = YES;
				"CODE_SIGN_IDENTITY[sdk=iphoneos*]" = "iPhone Developer";
				COPY_PHASE_STRIP = NO;
				DEBUG_INFORMATION_FORMAT = "dwarf-with-dsym";
				ENABLE_NS_ASSERTIONS = NO;
				ENABLE_STRICT_OBJC_MSGSEND = YES;
				GCC_C_LANGUAGE_STANDARD = gnu99;
				GCC_NO_COMMON_BLOCKS = YES;
				GCC_WARN_64_TO_32_BIT_CONVERSION = YES;
				GCC_WARN_ABOUT_RETURN_TYPE = YES_ERROR;
				GCC_WARN_UNDECLARED_SELECTOR = YES;
				GCC_WARN_UNINITIALIZED_AUTOS = YES_AGGRESSIVE;
				GCC_WARN_UNUSED_FUNCTION = YES;
				GCC_WARN_UNUSED_VARIABLE = YES;
				IPHONEOS_DEPLOYMENT_TARGET = 10.3;
				MTL_ENABLE_DEBUG_INFO = NO;
				SDKROOT = iphoneos;
				SWIFT_OPTIMIZATION_LEVEL = "-Owholemodule";
				TARGETED_DEVICE_FAMILY = "1,2";
				VALIDATE_PRODUCT = YES;
			};
			name = Release;
		};
		3EF5FD591F72BFA400C890F8 /* Debug */ = {
			isa = XCBuildConfiguration;
			buildSettings = {
				ASSETCATALOG_COMPILER_APPICON_NAME = AppIcon;
				DEVELOPMENT_TEAM = 7ER6D25VEL;
				INFOPLIST_FILE = LocationTest_BG/Info.plist;
				LD_RUNPATH_SEARCH_PATHS = "$(inherited) @executable_path/Frameworks";
				PRODUCT_BUNDLE_IDENTIFIER = "Vasu.LocationTest-BG";
				PRODUCT_NAME = "$(TARGET_NAME)";
				SWIFT_VERSION = 3.0;
			};
			name = Debug;
		};
		3EF5FD5A1F72BFA400C890F8 /* Release */ = {
			isa = XCBuildConfiguration;
			buildSettings = {
				ASSETCATALOG_COMPILER_APPICON_NAME = AppIcon;
				DEVELOPMENT_TEAM = 7ER6D25VEL;
				INFOPLIST_FILE = LocationTest_BG/Info.plist;
				LD_RUNPATH_SEARCH_PATHS = "$(inherited) @executable_path/Frameworks";
				PRODUCT_BUNDLE_IDENTIFIER = "Vasu.LocationTest-BG";
				PRODUCT_NAME = "$(TARGET_NAME)";
				SWIFT_VERSION = 3.0;
			};
			name = Release;
		};
/* End XCBuildConfiguration section */

/* Begin XCConfigurationList section */
		3EF5FD3E1F72BFA400C890F8 /* Build configuration list for PBXProject "LocationTest_BG" */ = {
			isa = XCConfigurationList;
			buildConfigurations = (
				3EF5FD561F72BFA400C890F8 /* Debug */,
				3EF5FD571F72BFA400C890F8 /* Release */,
			);
			defaultConfigurationIsVisible = 0;
			defaultConfigurationName = Release;
		};
		3EF5FD581F72BFA400C890F8 /* Build configuration list for PBXNativeTarget "LocationTest_BG" */ = {
			isa = XCConfigurationList;
			buildConfigurations = (
				3EF5FD591F72BFA400C890F8 /* Debug */,
				3EF5FD5A1F72BFA400C890F8 /* Release */,
			);
			defaultConfigurationIsVisible = 0;
		};
/* End XCConfigurationList section */

/* Begin XCVersionGroup section */
		3EF5FD4D1F72BFA400C890F8 /* LocationTest_BG.xcdatamodeld */ = {
			isa = XCVersionGroup;
			children = (
				3EF5FD4E1F72BFA400C890F8 /* LocationTest_BG.xcdatamodel */,
			);
			currentVersion = 3EF5FD4E1F72BFA400C890F8 /* LocationTest_BG.xcdatamodel */;
			path = LocationTest_BG.xcdatamodeld;
			sourceTree = "<group>";
			versionGroupType = wrapper.xcdatamodel;
		};
/* End XCVersionGroup section */
	};
	rootObject = 3EF5FD3B1F72BFA400C890F8 /* Project object */;
}
